
Microsoft Visual Studio Solution File, Format Version 12.00
# Visual Studio Version 17
VisualStudioVersion = 17.0.31903.59
MinimumVisualStudioVersion = 10.0.40219.1
Project("{FAE04EC0-301F-11D3-BF4B-00C04F79EFBC}") = "Spur", "Spur\Spur.csproj", "{A54157A2-4E25-44BC-B3AC-29498D51E2E6}"
EndProject
Project("{FAE04EC0-301F-11D3-BF4B-00C04F79EFBC}") = "Spur.Tests", "Spur.Tests\Spur.Tests.csproj", "{EA432286-BBAE-4990-BCB1-009D3F969F4F}"
EndProject
Global
	GlobalSection(SolutionConfigurationPlatforms) = preSolution
		Debug|Any CPU = Debug|Any CPU
		Release|Any CPU = Release|Any CPU
	EndGlobalSection
	GlobalSection(SolutionProperties) = preSolution
		HideSolutionNode = FALSE
	EndGlobalSection
	GlobalSection(ProjectConfigurationPlatforms) = postSolution
		{A54157A2-4E25-44BC-B3AC-29498D51E2E6}.Debug|Any CPU.ActiveCfg = Debug|Any CPU
		{A54157A2-4E25-44BC-B3AC-29498D51E2E6}.Debug|Any CPU.Build.0 = Debug|Any CPU
		{A54157A2-4E25-44BC-B3AC-29498D51E2E6}.Release|Any CPU.ActiveCfg = Release|Any CPU
		{A54157A2-4E25-44BC-B3AC-29498D51E2E6}.Release|Any CPU.Build.0 = Release|Any CPU
		{EA432286-BBAE-4990-BCB1-009D3F969F4F}.Debug|Any CPU.ActiveCfg = Debug|Any CPU
		{EA432286-BBAE-4990-BCB1-009D3F969F4F}.Debug|Any CPU.Build.0 = Debug|Any CPU
		{EA432286-BBAE-4990-BCB1-009D3F969F4F}.Release|Any CPU.ActiveCfg = Release|Any CPU
		{EA432286-BBAE-4990-BCB1-009D3F969F4F}.Release|Any CPU.Build.0 = Release|Any CPU
	EndGlobalSection
EndGlobal
